
Microsoft Visual Studio Solution File, Format Version 12.00
# Visual Studio Version 17
VisualStudioVersion = 17.14.36203.30
MinimumVisualStudioVersion = 10.0.40219.1
Project("{FAE04EC0-301F-11D3-BF4B-00C04F79EFBC}") = "AioKin", "AioKin\AioKin.csproj", "{81D8997A-765A-41E8-8C7E-B8EABDAB576C}"
EndProject
Project("{FAE04EC0-301F-11D3-BF4B-00C04F79EFBC}") = "AioKin.Tests", "AioKin.Tests\AioKin.Tests.csproj", "{B5B8E8C6-747D-457F-BA92-609A99C7026B}"
EndProject
Global
	GlobalSection(SolutionConfigurationPlatforms) = preSolution
		Debug|Any CPU = Debug|Any CPU
		Debug|x64 = Debug|x64
		Debug|x86 = Debug|x86
		Release|Any CPU = Release|Any CPU
		Release|x64 = Release|x64
		Release|x86 = Release|x86
	EndGlobalSection
	GlobalSection(ProjectConfigurationPlatforms) = postSolution
		{81D8997A-765A-41E8-8C7E-B8EABDAB576C}.Debug|Any CPU.ActiveCfg = Debug|Any CPU
		{81D8997A-765A-41E8-8C7E-B8EABDAB576C}.Debug|Any CPU.Build.0 = Debug|Any CPU
		{81D8997A-765A-41E8-8C7E-B8EABDAB576C}.Debug|x64.ActiveCfg = Debug|Any CPU
		{81D8997A-765A-41E8-8C7E-B8EABDAB576C}.Debug|x64.Build.0 = Debug|Any CPU
		{81D8997A-765A-41E8-8C7E-B8EABDAB576C}.Debug|x86.ActiveCfg = Debug|Any CPU
		{81D8997A-765A-41E8-8C7E-B8EABDAB576C}.Debug|x86.Build.0 = Debug|Any CPU
		{81D8997A-765A-41E8-8C7E-B8EABDAB576C}.Release|Any CPU.ActiveCfg = Release|Any CPU
		{81D8997A-765A-41E8-8C7E-B8EABDAB576C}.Release|Any CPU.Build.0 = Release|Any CPU
		{81D8997A-765A-41E8-8C7E-B8EABDAB576C}.Release|x64.ActiveCfg = Release|Any CPU
		{81D8997A-765A-41E8-8C7E-B8EABDAB576C}.Release|x64.Build.0 = Release|Any CPU
		{81D8997A-765A-41E8-8C7E-B8EABDAB576C}.Release|x86.ActiveCfg = Release|Any CPU
		{81D8997A-765A-41E8-8C7E-B8EABDAB576C}.Release|x86.Build.0 = Release|Any CPU
		{B5B8E8C6-747D-457F-BA92-609A99C7026B}.Debug|Any CPU.ActiveCfg = Debug|Any CPU
		{B5B8E8C6-747D-457F-BA92-609A99C7026B}.Debug|Any CPU.Build.0 = Debug|Any CPU
		{B5B8E8C6-747D-457F-BA92-609A99C7026B}.Debug|x64.ActiveCfg = Debug|Any CPU
		{B5B8E8C6-747D-457F-BA92-609A99C7026B}.Debug|x64.Build.0 = Debug|Any CPU
		{B5B8E8C6-747D-457F-BA92-609A99C7026B}.Debug|x86.ActiveCfg = Debug|Any CPU
		{B5B8E8C6-747D-457F-BA92-609A99C7026B}.Debug|x86.Build.0 = Debug|Any CPU
		{B5B8E8C6-747D-457F-BA92-609A99C7026B}.Release|Any CPU.ActiveCfg = Release|Any CPU
		{B5B8E8C6-747D-457F-BA92-609A99C7026B}.Release|Any CPU.Build.0 = Release|Any CPU
		{B5B8E8C6-747D-457F-BA92-609A99C7026B}.Release|x64.ActiveCfg = Release|Any CPU
		{B5B8E8C6-747D-457F-BA92-609A99C7026B}.Release|x64.Build.0 = Release|Any CPU
		{B5B8E8C6-747D-457F-BA92-609A99C7026B}.Release|x86.ActiveCfg = Release|Any CPU
		{B5B8E8C6-747D-457F-BA92-609A99C7026B}.Release|x86.Build.0 = Release|Any CPU
	EndGlobalSection
	GlobalSection(SolutionProperties) = preSolution
		HideSolutionNode = FALSE
	EndGlobalSection
	GlobalSection(ExtensibilityGlobals) = postSolution
		SolutionGuid = {31D17D1C-A71F-47CD-88E0-4C0CAB378AF4}
	EndGlobalSection
EndGlobal
